// !$*UTF8*$!
{
	archiveVersion = 1;
	classes = {
	};
	objectVersion = 51;
	objects = {

/* Begin PBXBuildFile section */
		52C6E610254B4DB000DCF22B /* AppDelegate.swift in Sources */ = {isa = PBXBuildFile; fileRef = 52C6E60F254B4DB000DCF22B /* AppDelegate.swift */; };
		52C6E612254B4DB000DCF22B /* SceneDelegate.swift in Sources */ = {isa = PBXBuildFile; fileRef = 52C6E611254B4DB000DCF22B /* SceneDelegate.swift */; };
		52C6E614254B4DB000DCF22B /* ViewController.swift in Sources */ = {isa = PBXBuildFile; fileRef = 52C6E613254B4DB000DCF22B /* ViewController.swift */; };
		52C6E617254B4DB000DCF22B /* Main.storyboard in Resources */ = {isa = PBXBuildFile; fileRef = 52C6E615254B4DB000DCF22B /* Main.storyboard */; };
		52C6E619254B4DB300DCF22B /* Assets.xcassets in Resources */ = {isa = PBXBuildFile; fileRef = 52C6E618254B4DB300DCF22B /* Assets.xcassets */; };
		52C6E61C254B4DB300DCF22B /* LaunchScreen.storyboard in Resources */ = {isa = PBXBuildFile; fileRef = 52C6E61A254B4DB300DCF22B /* LaunchScreen.storyboard */; };
		52C6E626254B5FFB00DCF22B /* Extensions.swift in Sources */ = {isa = PBXBuildFile; fileRef = 52C6E625254B5FFB00DCF22B /* Extensions.swift */; };
		52D404B02551158800DBD392 /* GoogleService-Info.plist in Resources */ = {isa = PBXBuildFile; fileRef = 52D404AF2551158800DBD392 /* GoogleService-Info.plist */; };
		52E23B84254FBB590023F5DA /* MainTabBarController.swift in Sources */ = {isa = PBXBuildFile; fileRef = 52E23B83254FBB590023F5DA /* MainTabBarController.swift */; };
		52E23B87254FBCE20023F5DA /* UserProfileController.swift in Sources */ = {isa = PBXBuildFile; fileRef = 52E23B86254FBCE20023F5DA /* UserProfileController.swift */; };
		52E23B8B254FD1660023F5DA /* UserProfileHeader.swift in Sources */ = {isa = PBXBuildFile; fileRef = 52E23B8A254FD1660023F5DA /* UserProfileHeader.swift */; };
		7EE697C23E94F093BCB09D0E /* Pods_Instagram_LBTA.framework in Frameworks */ = {isa = PBXBuildFile; fileRef = 1AACDC9F2023360EA6D1DF0A /* Pods_Instagram_LBTA.framework */; };
/* End PBXBuildFile section */

/* Begin PBXFileReference section */
		15DE5395E6366DAB93953E69 /* Pods-Instagram_LBTA.release.xcconfig */ = {isa = PBXFileReference; includeInIndex = 1; lastKnownFileType = text.xcconfig; name = "Pods-Instagram_LBTA.release.xcconfig"; path = "Target Support Files/Pods-Instagram_LBTA/Pods-Instagram_LBTA.release.xcconfig"; sourceTree = "<group>"; };
		1AACDC9F2023360EA6D1DF0A /* Pods_Instagram_LBTA.framework */ = {isa = PBXFileReference; explicitFileType = wrapper.framework; includeInIndex = 0; path = Pods_Instagram_LBTA.framework; sourceTree = BUILT_PRODUCTS_DIR; };
		52C6E60C254B4DB000DCF22B /* Instagram_LBTA.app */ = {isa = PBXFileReference; explicitFileType = wrapper.application; includeInIndex = 0; path = Instagram_LBTA.app; sourceTree = BUILT_PRODUCTS_DIR; };
		52C6E60F254B4DB000DCF22B /* AppDelegate.swift */ = {isa = PBXFileReference; lastKnownFileType = sourcecode.swift; path = AppDelegate.swift; sourceTree = "<group>"; };
		52C6E611254B4DB000DCF22B /* SceneDelegate.swift */ = {isa = PBXFileReference; lastKnownFileType = sourcecode.swift; path = SceneDelegate.swift; sourceTree = "<group>"; };
		52C6E613254B4DB000DCF22B /* ViewController.swift */ = {isa = PBXFileReference; lastKnownFileType = sourcecode.swift; path = ViewController.swift; sourceTree = "<group>"; };
		52C6E616254B4DB000DCF22B /* Base */ = {isa = PBXFileReference; lastKnownFileType = file.storyboard; name = Base; path = Base.lproj/Main.storyboard; sourceTree = "<group>"; };
		52C6E618254B4DB300DCF22B /* Assets.xcassets */ = {isa = PBXFileReference; lastKnownFileType = folder.assetcatalog; path = Assets.xcassets; sourceTree = "<group>"; };
		52C6E61B254B4DB300DCF22B /* Base */ = {isa = PBXFileReference; lastKnownFileType = file.storyboard; name = Base; path = Base.lproj/LaunchScreen.storyboard; sourceTree = "<group>"; };
		52C6E61D254B4DB300DCF22B /* Info.plist */ = {isa = PBXFileReference; lastKnownFileType = text.plist.xml; path = Info.plist; sourceTree = "<group>"; };
		52C6E625254B5FFB00DCF22B /* Extensions.swift */ = {isa = PBXFileReference; lastKnownFileType = sourcecode.swift; path = Extensions.swift; sourceTree = "<group>"; };
		52D404AF2551158800DBD392 /* GoogleService-Info.plist */ = {isa = PBXFileReference; fileEncoding = 4; lastKnownFileType = text.plist.xml; path = "GoogleService-Info.plist"; sourceTree = "<group>"; };
		52D9811CF696787FB2CE0017 /* Pods-Instagram_LBTA.debug.xcconfig */ = {isa = PBXFileReference; includeInIndex = 1; lastKnownFileType = text.xcconfig; name = "Pods-Instagram_LBTA.debug.xcconfig"; path = "Target Support Files/Pods-Instagram_LBTA/Pods-Instagram_LBTA.debug.xcconfig"; sourceTree = "<group>"; };
		52E23B83254FBB590023F5DA /* MainTabBarController.swift */ = {isa = PBXFileReference; lastKnownFileType = sourcecode.swift; path = MainTabBarController.swift; sourceTree = "<group>"; };
		52E23B86254FBCE20023F5DA /* UserProfileController.swift */ = {isa = PBXFileReference; lastKnownFileType = sourcecode.swift; path = UserProfileController.swift; sourceTree = "<group>"; };
		52E23B8A254FD1660023F5DA /* UserProfileHeader.swift */ = {isa = PBXFileReference; lastKnownFileType = sourcecode.swift; path = UserProfileHeader.swift; sourceTree = "<group>"; };
/* End PBXFileReference section */

/* Begin PBXFrameworksBuildPhase section */
		52C6E609254B4DB000DCF22B /* Frameworks */ = {
			isa = PBXFrameworksBuildPhase;
			buildActionMask = 2147483647;
			files = (
				7EE697C23E94F093BCB09D0E /* Pods_Instagram_LBTA.framework in Frameworks */,
			);
			runOnlyForDeploymentPostprocessing = 0;
		};
/* End PBXFrameworksBuildPhase section */

/* Begin PBXGroup section */
		027ABA967E95917BD2CC87D1 /* Pods */ = {
			isa = PBXGroup;
			children = (
				52D9811CF696787FB2CE0017 /* Pods-Instagram_LBTA.debug.xcconfig */,
				15DE5395E6366DAB93953E69 /* Pods-Instagram_LBTA.release.xcconfig */,
			);
			path = Pods;
			sourceTree = "<group>";
		};
		52C6E603254B4DB000DCF22B = {
			isa = PBXGroup;
			children = (
				52C6E60E254B4DB000DCF22B /* Instagram_LBTA */,
				52C6E60D254B4DB000DCF22B /* Products */,
				027ABA967E95917BD2CC87D1 /* Pods */,
				EC83E418D9FABE793B363134 /* Frameworks */,
			);
			sourceTree = "<group>";
		};
		52C6E60D254B4DB000DCF22B /* Products */ = {
			isa = PBXGroup;
			children = (
				52C6E60C254B4DB000DCF22B /* Instagram_LBTA.app */,
			);
			name = Products;
			sourceTree = "<group>";
		};
		52C6E60E254B4DB000DCF22B /* Instagram_LBTA */ = {
			isa = PBXGroup;
			children = (
				52C6E624254B5FF000DCF22B /* Utils */,
				52C6E60F254B4DB000DCF22B /* AppDelegate.swift */,
				52C6E611254B4DB000DCF22B /* SceneDelegate.swift */,
				52E23B83254FBB590023F5DA /* MainTabBarController.swift */,
				52E23B89254FD1500023F5DA /* UserProfile */,
				52C6E613254B4DB000DCF22B /* ViewController.swift */,
				52D404AF2551158800DBD392 /* GoogleService-Info.plist */,
				52C6E615254B4DB000DCF22B /* Main.storyboard */,
				52C6E618254B4DB300DCF22B /* Assets.xcassets */,
				52C6E61A254B4DB300DCF22B /* LaunchScreen.storyboard */,
				52C6E61D254B4DB300DCF22B /* Info.plist */,
			);
			path = Instagram_LBTA;
			sourceTree = "<group>";
		};
		52C6E624254B5FF000DCF22B /* Utils */ = {
			isa = PBXGroup;
			children = (
				52C6E625254B5FFB00DCF22B /* Extensions.swift */,
			);
			path = Utils;
			sourceTree = "<group>";
		};
		52E23B89254FD1500023F5DA /* UserProfile */ = {
			isa = PBXGroup;
			children = (
				52E23B86254FBCE20023F5DA /* UserProfileController.swift */,
				52E23B8A254FD1660023F5DA /* UserProfileHeader.swift */,
			);
			path = UserProfile;
			sourceTree = "<group>";
		};
		EC83E418D9FABE793B363134 /* Frameworks */ = {
			isa = PBXGroup;
			children = (
				1AACDC9F2023360EA6D1DF0A /* Pods_Instagram_LBTA.framework */,
			);
			name = Frameworks;
			sourceTree = "<group>";
		};
/* End PBXGroup section */

/* Begin PBXNativeTarget section */
		52C6E60B254B4DB000DCF22B /* Instagram_LBTA */ = {
			isa = PBXNativeTarget;
			buildConfigurationList = 52C6E620254B4DB300DCF22B /* Build configuration list for PBXNativeTarget "Instagram_LBTA" */;
			buildPhases = (
				48AA611FBC23F02E7D4B8904 /* [CP] Check Pods Manifest.lock */,
				52C6E608254B4DB000DCF22B /* Sources */,
				52C6E609254B4DB000DCF22B /* Frameworks */,
				52C6E60A254B4DB000DCF22B /* Resources */,
				D9D7D21EF2BC700518F1FD0F /* [CP] Embed Pods Frameworks */,
			);
			buildRules = (
			);
			dependencies = (
			);
			name = Instagram_LBTA;
			productName = Instagram_LBTA;
			productReference = 52C6E60C254B4DB000DCF22B /* Instagram_LBTA.app */;
			productType = "com.apple.product-type.application";
		};
/* End PBXNativeTarget section */

/* Begin PBXProject section */
		52C6E604254B4DB000DCF22B /* Project object */ = {
			isa = PBXProject;
			attributes = {
				LastSwiftUpdateCheck = 1210;
				LastUpgradeCheck = 1210;
				TargetAttributes = {
					52C6E60B254B4DB000DCF22B = {
						CreatedOnToolsVersion = 12.1;
					};
				};
			};
			buildConfigurationList = 52C6E607254B4DB000DCF22B /* Build configuration list for PBXProject "Instagram_LBTA" */;
			compatibilityVersion = "Xcode 9.3";
			developmentRegion = en;
			hasScannedForEncodings = 0;
			knownRegions = (
				en,
				Base,
			);
			mainGroup = 52C6E603254B4DB000DCF22B;
			productRefGroup = 52C6E60D254B4DB000DCF22B /* Products */;
			projectDirPath = "";
			projectRoot = "";
			targets = (
				52C6E60B254B4DB000DCF22B /* Instagram_LBTA */,
			);
		};
/* End PBXProject section */

/* Begin PBXResourcesBuildPhase section */
		52C6E60A254B4DB000DCF22B /* Resources */ = {
			isa = PBXResourcesBuildPhase;
			buildActionMask = 2147483647;
			files = (
				52C6E61C254B4DB300DCF22B /* LaunchScreen.storyboard in Resources */,
				52D404B02551158800DBD392 /* GoogleService-Info.plist in Resources */,
				52C6E619254B4DB300DCF22B /* Assets.xcassets in Resources */,
				52C6E617254B4DB000DCF22B /* Main.storyboard in Resources */,
			);
			runOnlyForDeploymentPostprocessing = 0;
		};
/* End PBXResourcesBuildPhase section */

/* Begin PBXShellScriptBuildPhase section */
		48AA611FBC23F02E7D4B8904 /* [CP] Check Pods Manifest.lock */ = {
			isa = PBXShellScriptBuildPhase;
			buildActionMask = 2147483647;
			files = (
			);
			inputFileListPaths = (
			);
			inputPaths = (
				"${PODS_PODFILE_DIR_PATH}/Podfile.lock",
				"${PODS_ROOT}/Manifest.lock",
			);
			name = "[CP] Check Pods Manifest.lock";
			outputFileListPaths = (
			);
			outputPaths = (
				"$(DERIVED_FILE_DIR)/Pods-Instagram_LBTA-checkManifestLockResult.txt",
			);
			runOnlyForDeploymentPostprocessing = 0;
			shellPath = /bin/sh;
			shellScript = "diff \"${PODS_PODFILE_DIR_PATH}/Podfile.lock\" \"${PODS_ROOT}/Manifest.lock\" > /dev/null\nif [ $? != 0 ] ; then\n    # print error to STDERR\n    echo \"error: The sandbox is not in sync with the Podfile.lock. Run 'pod install' or update your CocoaPods installation.\" >&2\n    exit 1\nfi\n# This output is used by Xcode 'outputs' to avoid re-running this script phase.\necho \"SUCCESS\" > \"${SCRIPT_OUTPUT_FILE_0}\"\n";
			showEnvVarsInLog = 0;
		};
		D9D7D21EF2BC700518F1FD0F /* [CP] Embed Pods Frameworks */ = {
			isa = PBXShellScriptBuildPhase;
			buildActionMask = 2147483647;
			files = (
			);
			inputFileListPaths = (
				"${PODS_ROOT}/Target Support Files/Pods-Instagram_LBTA/Pods-Instagram_LBTA-frameworks-${CONFIGURATION}-input-files.xcfilelist",
			);
			name = "[CP] Embed Pods Frameworks";
			outputFileListPaths = (
				"${PODS_ROOT}/Target Support Files/Pods-Instagram_LBTA/Pods-Instagram_LBTA-frameworks-${CONFIGURATION}-output-files.xcfilelist",
			);
			runOnlyForDeploymentPostprocessing = 0;
			shellPath = /bin/sh;
			shellScript = "\"${PODS_ROOT}/Target Support Files/Pods-Instagram_LBTA/Pods-Instagram_LBTA-frameworks.sh\"\n";
			showEnvVarsInLog = 0;
		};
/* End PBXShellScriptBuildPhase section */

/* Begin PBXSourcesBuildPhase section */
		52C6E608254B4DB000DCF22B /* Sources */ = {
			isa = PBXSourcesBuildPhase;
			buildActionMask = 2147483647;
			files = (
				52C6E614254B4DB000DCF22B /* ViewController.swift in Sources */,
				52E23B8B254FD1660023F5DA /* UserProfileHeader.swift in Sources */,
				52C6E610254B4DB000DCF22B /* AppDelegate.swift in Sources */,
				52E23B87254FBCE20023F5DA /* UserProfileController.swift in Sources */,
				52E23B84254FBB590023F5DA /* MainTabBarController.swift in Sources */,
				52C6E612254B4DB000DCF22B /* SceneDelegate.swift in Sources */,
				52C6E626254B5FFB00DCF22B /* Extensions.swift in Sources */,
			);
			runOnlyForDeploymentPostprocessing = 0;
		};
/* End PBXSourcesBuildPhase section */

/* Begin PBXVariantGroup section */
		52C6E615254B4DB000DCF22B /* Main.storyboard */ = {
			isa = PBXVariantGroup;
			children = (
				52C6E616254B4DB000DCF22B /* Base */,
			);
			name = Main.storyboard;
			sourceTree = "<group>";
		};
		52C6E61A254B4DB300DCF22B /* LaunchScreen.storyboard */ = {
			isa = PBXVariantGroup;
			children = (
				52C6E61B254B4DB300DCF22B /* Base */,
			);
			name = LaunchScreen.storyboard;
			sourceTree = "<group>";
		};
/* End PBXVariantGroup section */

/* Begin XCBuildConfiguration section */
		52C6E61E254B4DB300DCF22B /* Debug */ = {
			isa = XCBuildConfiguration;
			buildSettings = {
				ALWAYS_SEARCH_USER_PATHS = NO;
				CLANG_ANALYZER_NONNULL = YES;
				CLANG_ANALYZER_NUMBER_OBJECT_CONVERSION = YES_AGGRESSIVE;
				CLANG_CXX_LANGUAGE_STANDARD = "gnu++14";
				CLANG_CXX_LIBRARY = "libc++";
				CLANG_ENABLE_MODULES = YES;
				CLANG_ENABLE_OBJC_ARC = YES;
				CLANG_ENABLE_OBJC_WEAK = YES;
				CLANG_WARN_BLOCK_CAPTURE_AUTORELEASING = YES;
				CLANG_WARN_BOOL_CONVERSION = YES;
				CLANG_WARN_COMMA = YES;
				CLANG_WARN_CONSTANT_CONVERSION = YES;
				CLANG_WARN_DEPRECATED_OBJC_IMPLEMENTATIONS = YES;
				CLANG_WARN_DIRECT_OBJC_ISA_USAGE = YES_ERROR;
				CLANG_WARN_DOCUMENTATION_COMMENTS = YES;
				CLANG_WARN_EMPTY_BODY = YES;
				CLANG_WARN_ENUM_CONVERSION = YES;
				CLANG_WARN_INFINITE_RECURSION = YES;
				CLANG_WARN_INT_CONVERSION = YES;
				CLANG_WARN_NON_LITERAL_NULL_CONVERSION = YES;
				CLANG_WARN_OBJC_IMPLICIT_RETAIN_SELF = YES;
				CLANG_WARN_OBJC_LITERAL_CONVERSION = YES;
				CLANG_WARN_OBJC_ROOT_CLASS = YES_ERROR;
				CLANG_WARN_QUOTED_INCLUDE_IN_FRAMEWORK_HEADER = YES;
				CLANG_WARN_RANGE_LOOP_ANALYSIS = YES;
				CLANG_WARN_STRICT_PROTOTYPES = YES;
				CLANG_WARN_SUSPICIOUS_MOVE = YES;
				CLANG_WARN_UNGUARDED_AVAILABILITY = YES_AGGRESSIVE;
				CLANG_WARN_UNREACHABLE_CODE = YES;
				CLANG_WARN__DUPLICATE_METHOD_MATCH = YES;
				COPY_PHASE_STRIP = NO;
				DEBUG_INFORMATION_FORMAT = dwarf;
				ENABLE_STRICT_OBJC_MSGSEND = YES;
				ENABLE_TESTABILITY = YES;
				GCC_C_LANGUAGE_STANDARD = gnu11;
				GCC_DYNAMIC_NO_PIC = NO;
				GCC_NO_COMMON_BLOCKS = YES;
				GCC_OPTIMIZATION_LEVEL = 0;
				GCC_PREPROCESSOR_DEFINITIONS = (
					"DEBUG=1",
					"$(inherited)",
				);
				GCC_WARN_64_TO_32_BIT_CONVERSION = YES;
				GCC_WARN_ABOUT_RETURN_TYPE = YES_ERROR;
				GCC_WARN_UNDECLARED_SELECTOR = YES;
				GCC_WARN_UNINITIALIZED_AUTOS = YES_AGGRESSIVE;
				GCC_WARN_UNUSED_FUNCTION = YES;
				GCC_WARN_UNUSED_VARIABLE = YES;
				IPHONEOS_DEPLOYMENT_TARGET = 14.1;
				MTL_ENABLE_DEBUG_INFO = INCLUDE_SOURCE;
				MTL_FAST_MATH = YES;
				ONLY_ACTIVE_ARCH = YES;
				SDKROOT = iphoneos;
				SWIFT_ACTIVE_COMPILATION_CONDITIONS = DEBUG;
				SWIFT_OPTIMIZATION_LEVEL = "-Onone";
			};
			name = Debug;
		};
		52C6E61F254B4DB300DCF22B /* Release */ = {
			isa = XCBuildConfiguration;
			buildSettings = {
				ALWAYS_SEARCH_USER_PATHS = NO;
				CLANG_ANALYZER_NONNULL = YES;
				CLANG_ANALYZER_NUMBER_OBJECT_CONVERSION = YES_AGGRESSIVE;
				CLANG_CXX_LANGUAGE_STANDARD = "gnu++14";
				CLANG_CXX_LIBRARY = "libc++";
				CLANG_ENABLE_MODULES = YES;
				CLANG_ENABLE_OBJC_ARC = YES;
				CLANG_ENABLE_OBJC_WEAK = YES;
				CLANG_WARN_BLOCK_CAPTURE_AUTORELEASING = YES;
				CLANG_WARN_BOOL_CONVERSION = YES;
				CLANG_WARN_COMMA = YES;
				CLANG_WARN_CONSTANT_CONVERSION = YES;
				CLANG_WARN_DEPRECATED_OBJC_IMPLEMENTATIONS = YES;
				CLANG_WARN_DIRECT_OBJC_ISA_USAGE = YES_ERROR;
				CLANG_WARN_DOCUMENTATION_COMMENTS = YES;
				CLANG_WARN_EMPTY_BODY = YES;
				CLANG_WARN_ENUM_CONVERSION = YES;
				CLANG_WARN_INFINITE_RECURSION = YES;
				CLANG_WARN_INT_CONVERSION = YES;
				CLANG_WARN_NON_LITERAL_NULL_CONVERSION = YES;
				CLANG_WARN_OBJC_IMPLICIT_RETAIN_SELF = YES;
				CLANG_WARN_OBJC_LITERAL_CONVERSION = YES;
				CLANG_WARN_OBJC_ROOT_CLASS = YES_ERROR;
				CLANG_WARN_QUOTED_INCLUDE_IN_FRAMEWORK_HEADER = YES;
				CLANG_WARN_RANGE_LOOP_ANALYSIS = YES;
				CLANG_WARN_STRICT_PROTOTYPES = YES;
				CLANG_WARN_SUSPICIOUS_MOVE = YES;
				CLANG_WARN_UNGUARDED_AVAILABILITY = YES_AGGRESSIVE;
				CLANG_WARN_UNREACHABLE_CODE = YES;
				CLANG_WARN__DUPLICATE_METHOD_MATCH = YES;
				COPY_PHASE_STRIP = NO;
				DEBUG_INFORMATION_FORMAT = "dwarf-with-dsym";
				ENABLE_NS_ASSERTIONS = NO;
				ENABLE_STRICT_OBJC_MSGSEND = YES;
				GCC_C_LANGUAGE_STANDARD = gnu11;
				GCC_NO_COMMON_BLOCKS = YES;
				GCC_WARN_64_TO_32_BIT_CONVERSION = YES;
				GCC_WARN_ABOUT_RETURN_TYPE = YES_ERROR;
				GCC_WARN_UNDECLARED_SELECTOR = YES;
				GCC_WARN_UNINITIALIZED_AUTOS = YES_AGGRESSIVE;
				GCC_WARN_UNUSED_FUNCTION = YES;
				GCC_WARN_UNUSED_VARIABLE = YES;
				IPHONEOS_DEPLOYMENT_TARGET = 14.1;
				MTL_ENABLE_DEBUG_INFO = NO;
				MTL_FAST_MATH = YES;
				SDKROOT = iphoneos;
				SWIFT_COMPILATION_MODE = wholemodule;
				SWIFT_OPTIMIZATION_LEVEL = "-O";
				VALIDATE_PRODUCT = YES;
			};
			name = Release;
		};
		52C6E621254B4DB300DCF22B /* Debug */ = {
			isa = XCBuildConfiguration;
			baseConfigurationReference = 52D9811CF696787FB2CE0017 /* Pods-Instagram_LBTA.debug.xcconfig */;
			buildSettings = {
				ASSETCATALOG_COMPILER_APPICON_NAME = AppIcon;
				ASSETCATALOG_COMPILER_GLOBAL_ACCENT_COLOR_NAME = AccentColor;
				CODE_SIGN_STYLE = Automatic;
				DEVELOPMENT_TEAM = 727HRSX6K9;
				INFOPLIST_FILE = Instagram_LBTA/Info.plist;
				LD_RUNPATH_SEARCH_PATHS = (
					"$(inherited)",
					"@executable_path/Frameworks",
				);
				PRODUCT_BUNDLE_IDENTIFIER = "Niko-Co..Instagram-LBTA";
				PRODUCT_NAME = "$(TARGET_NAME)";
				SWIFT_VERSION = 5.0;
				TARGETED_DEVICE_FAMILY = "1,2";
			};
			name = Debug;
		};
		52C6E622254B4DB300DCF22B /* Release */ = {
			isa = XCBuildConfiguration;
			baseConfigurationReference = 15DE5395E6366DAB93953E69 /* Pods-Instagram_LBTA.release.xcconfig */;
			buildSettings = {
				ASSETCATALOG_COMPILER_APPICON_NAME = AppIcon;
				ASSETCATALOG_COMPILER_GLOBAL_ACCENT_COLOR_NAME = AccentColor;
				CODE_SIGN_STYLE = Automatic;
				DEVELOPMENT_TEAM = 727HRSX6K9;
				INFOPLIST_FILE = Instagram_LBTA/Info.plist;
				LD_RUNPATH_SEARCH_PATHS = (
					"$(inherited)",
					"@executable_path/Frameworks",
				);
				PRODUCT_BUNDLE_IDENTIFIER = "Niko-Co..Instagram-LBTA";
				PRODUCT_NAME = "$(TARGET_NAME)";
				SWIFT_VERSION = 5.0;
				TARGETED_DEVICE_FAMILY = "1,2";
			};
			name = Release;
		};
/* End XCBuildConfiguration section */

/* Begin XCConfigurationList section */
		52C6E607254B4DB000DCF22B /* Build configuration list for PBXProject "Instagram_LBTA" */ = {
			isa = XCConfigurationList;
			buildConfigurations = (
				52C6E61E254B4DB300DCF22B /* Debug */,
				52C6E61F254B4DB300DCF22B /* Release */,
			);
			defaultConfigurationIsVisible = 0;
			defaultConfigurationName = Release;
		};
		52C6E620254B4DB300DCF22B /* Build configuration list for PBXNativeTarget "Instagram_LBTA" */ = {
			isa = XCConfigurationList;
			buildConfigurations = (
				52C6E621254B4DB300DCF22B /* Debug */,
				52C6E622254B4DB300DCF22B /* Release */,
			);
			defaultConfigurationIsVisible = 0;
			defaultConfigurationName = Release;
		};
/* End XCConfigurationList section */
	};
	rootObject = 52C6E604254B4DB000DCF22B /* Project object */;
}
